{"format_version":"1.2","terraform_version":"1.5.2","variables":{"AWS_REGION":{"value":"us-west-2"},"cidr_block_dev_vpc":{"value":"10.0.0.0/16"},"cidr_block_private_subnet1":{"value":"10.0.2.0/24"},"cidr_block_private_subnet2":{"value":"10.0.4.0/24"},"cidr_block_public_subnet1":{"value":"10.0.1.0/24"},"cidr_block_public_subnet2":{"value":"10.0.3.0/24"},"cidr_blocks":{"value":"0.0.0.0/0"}},"planned_values":{"outputs":{"aws_internet_gateway":{"sensitive":false},"ec2_public_ip":{"sensitive":false},"instance_id":{"sensitive":false},"public_subnet1":{"sensitive":false},"public_subnet2":{"sensitive":false},"security_group":{"sensitive":false},"vpc_id":{"sensitive":false}},"root_module":{"resources":[{"address":"aws_autoscaling_group.auto-scaling-grp","mode":"managed","type":"aws_autoscaling_group","name":"auto-scaling-grp","provider_name":"registry.terraform.io/hashicorp/aws","schema_version":0,"values":{"capacity_rebalance":null,"context":null,"default_instance_warmup":null,"desired_capacity":2,"desired_capacity_type":null,"enabled_metrics":null,"force_delete":false,"force_delete_warm_pool":false,"health_check_grace_period":300,"health_check_type":"ELB","initial_lifecycle_hook":[],"instance_refresh":[],"launch_configuration":null,"launch_template":[{"version":"$Latest"}],"max_instance_lifetime":null,"max_size":4,"metrics_granularity":"1Minute","min_elb_capacity":null,"min_size":2,"mixed_instances_policy":[],"name":"my-autoscaling-group","placement_group":null,"protect_from_scale_in":false,"suspended_processes":null,"tag":[],"termination_policies":null,"timeouts":null,"wait_for_capacity_timeout":"10m","wait_for_elb_capacity":null,"warm_pool":[]},"sensitive_values":{"availability_zones":[],"initial_lifecycle_hook":[],"instance_refresh":[],"launch_template":[{}],"load_balancers":[],"mixed_instances_policy":[],"tag":[],"target_group_arns":[],"traffic_source":[],"vpc_zone_identifier":[],"warm_pool":[]}},{"address":"aws_autoscaling_policy.policy","mode":"managed","type":"aws_autoscaling_policy","name":"policy","provider_name":"registry.terraform.io/hashicorp/aws","schema_version":0,"values":{"adjustment_type":null,"autoscaling_group_name":"my-autoscaling-group","cooldown":null,"enabled":true,"estimated_instance_warmup":null,"min_adjustment_magnitude":null,"name":"CPUpolicy","policy_type":"TargetTrackingScaling","predictive_scaling_configuration":[],"scaling_adjustment":null,"step_adjustment":[],"target_tracking_configuration":[{"customized_metric_specification":[],"disable_scale_in":false,"predefined_metric_specification":[{"predefined_metric_type":"ASGAverageCPUUtilization","resource_label":null}],"target_value":70}]},"sensitive_values":{"predictive_scaling_configuration":[],"step_adjustment":[],"target_tracking_configuration":[{"customized_metric_specification":[],"predefined_metric_specification":[{}]}]}},{"address":"aws_instance.Wordpress-instance","mode":"managed","type":"aws_instance","name":"Wordpress-instance","provider_name":"registry.terraform.io/hashicorp/aws","schema_version":1,"values":{"ami":"ami-08541bb85074a743a","credit_specification":[],"get_password_data":false,"hibernation":null,"instance_type":"t3.micro","key_name":"vockey","launch_template":[],"source_dest_check":true,"tags":{"Name":"Wordpress-instance"},"tags_all":{"Name":"Wordpress-instance"},"timeouts":null,"user_data":"04f866bf9ae506142992223d3b7d375a3c4fc8db","user_data_replace_on_change":false,"volume_tags":null},"sensitive_values":{"capacity_reservation_specification":[],"cpu_options":[],"credit_specification":[],"ebs_block_device":[],"enclave_options":[],"ephemeral_block_device":[],"instance_market_options":[],"ipv6_addresses":[],"launch_template":[],"maintenance_options":[],"metadata_options":[],"network_interface":[],"private_dns_name_options":[],"root_block_device":[],"secondary_private_ips":[],"security_groups":[],"tags":{},"tags_all":{},"vpc_security_group_ids":[]}},{"address":"aws_internet_gateway.devVPC_IGW","mode":"managed","type":"aws_internet_gateway","name":"devVPC_IGW","provider_name":"registry.terraform.io/hashicorp/aws","schema_version":0,"values":{"tags":{"Name":"dev_terraform_vpc_igw"},"tags_all":{"Name":"dev_terraform_vpc_igw"},"timeouts":null},"sensitive_values":{"tags":{},"tags_all":{}}},{"address":"aws_launch_template.launch-template","mode":"managed","type":"aws_launch_template","name":"launch-template","provider_name":"registry.terraform.io/hashicorp/aws","schema_version":0,"values":{"block_device_mappings":[],"capacity_reservation_specification":[],"cpu_options":[],"credit_specification":[],"description":null,"disable_api_stop":null,"disable_api_termination":null,"ebs_optimized":null,"elastic_gpu_specifications":[],"elastic_inference_accelerator":[],"enclave_options":[],"hibernation_options":[],"iam_instance_profile":[],"image_id":"ami-08541bb85074a743a","instance_initiated_shutdown_behavior":null,"instance_market_options":[],"instance_requirements":[],"instance_type":"t2.micro","kernel_id":null,"key_name":null,"license_specification":[],"maintenance_options":[],"monitoring":[],"name":"webserver-launch-template","network_interfaces":[],"placement":[],"private_dns_name_options":[],"ram_disk_id":null,"security_group_names":null,"tag_specifications":[{"resource_type":"instance","tags":{"Name":"autoserver"}}],"tags":null,"update_default_version":null,"user_data":""},"sensitive_values":{"block_device_mappings":[],"capacity_reservation_specification":[],"cpu_options":[],"credit_specification":[],"elastic_gpu_specifications":[],"elastic_inference_accelerator":[],"enclave_options":[],"hibernation_options":[],"iam_instance_profile":[],"instance_market_options":[],"instance_requirements":[],"license_specification":[],"maintenance_options":[],"metadata_options":[],"monitoring":[],"network_interfaces":[],"placement":[],"private_dns_name_options":[],"tag_specifications":[{"tags":{}}],"tags_all":{},"vpc_security_group_ids":[]}},{"address":"aws_lb.load-balancer","mode":"managed","type":"aws_lb","name":"load-balancer","provider_name":"registry.terraform.io/hashicorp/aws","schema_version":0,"values":{"access_logs":[],"customer_owned_ipv4_pool":null,"desync_mitigation_mode":"defensive","drop_invalid_header_fields":false,"enable_cross_zone_load_balancing":null,"enable_deletion_protection":false,"enable_http2":true,"enable_tls_version_and_cipher_suite_headers":false,"enable_waf_fail_open":false,"enable_xff_client_port":false,"idle_timeout":60,"internal":false,"load_balancer_type":"application","name":"Webserver-alb","name_prefix":null,"preserve_host_header":false,"tags":{"Environment":"production"},"tags_all":{"Environment":"production"},"timeouts":null,"xff_header_processing_mode":"append"},"sensitive_values":{"access_logs":[],"security_groups":[],"subnet_mapping":[],"subnets":[],"tags":{},"tags_all":{}}},{"address":"aws_lb_listener.listener","mode":"managed","type":"aws_lb_listener","name":"listener","provider_name":"registry.terraform.io/hashicorp/aws","schema_version":0,"values":{"alpn_policy":null,"certificate_arn":null,"default_action":[{"authenticate_cognito":[],"authenticate_oidc":[],"fixed_response":[],"forward":[],"redirect":[],"type":"forward"}],"port":80,"protocol":"HTTP","tags":null,"timeouts":null},"sensitive_values":{"default_action":[{"authenticate_cognito":[],"authenticate_oidc":[],"fixed_response":[],"forward":[],"redirect":[]}],"tags_all":{}}},{"address":"aws_lb_target_group.target-group","mode":"managed","type":"aws_lb_target_group","name":"target-group","provider_name":"registry.terraform.io/hashicorp/aws","schema_version":0,"values":{"connection_termination":false,"deregistration_delay":"300","lambda_multi_value_headers_enabled":false,"name":"CPUtest-tg","name_prefix":null,"port":80,"protocol":"HTTP","proxy_protocol_v2":false,"slow_start":0,"tags":null,"target_type":"instance"},"sensitive_values":{"health_check":[],"stickiness":[],"tags_all":{},"target_failover":[]}},{"address":"aws_route_table.devVPC_public_route1","mode":"managed","type":"aws_route_table","name":"devVPC_public_route1","provider_name":"registry.terraform.io/hashicorp/aws","schema_version":0,"values":{"route":[{"carrier_gateway_id":"","cidr_block":"0.0.0.0/0","core_network_arn":"","destination_prefix_list_id":"","egress_only_gateway_id":"","ipv6_cidr_block":"","local_gateway_id":"","nat_gateway_id":"","network_interface_id":"","transit_gateway_id":"","vpc_endpoint_id":"","vpc_peering_connection_id":""}],"tags":{"Name":"dev_terraform_vpc_public_route1"},"tags_all":{"Name":"dev_terraform_vpc_public_route1"},"timeouts":null},"sensitive_values":{"propagating_vgws":[],"route":[{}],"tags":{},"tags_all":{}}},{"address":"aws_route_table.devVPC_public_route2","mode":"managed","type":"aws_route_table","name":"devVPC_public_route2","provider_name":"registry.terraform.io/hashicorp/aws","schema_version":0,"values":{"route":[{"carrier_gateway_id":"","cidr_block":"0.0.0.0/0","core_network_arn":"","destination_prefix_list_id":"","egress_only_gateway_id":"","ipv6_cidr_block":"","local_gateway_id":"","nat_gateway_id":"","network_interface_id":"","transit_gateway_id":"","vpc_endpoint_id":"","vpc_peering_connection_id":""}],"tags":{"Name":"dev_terraform_vpc_public_route2"},"tags_all":{"Name":"dev_terraform_vpc_public_route2"},"timeouts":null},"sensitive_values":{"propagating_vgws":[],"route":[{}],"tags":{},"tags_all":{}}},{"address":"aws_route_table_association.public_subnet_association1","mode":"managed","type":"aws_route_table_association","name":"public_subnet_association1","provider_name":"registry.terraform.io/hashicorp/aws","schema_version":0,"values":{"gateway_id":null,"timeouts":null},"sensitive_values":{}},{"address":"aws_route_table_association.public_subnet_association2","mode":"managed","type":"aws_route_table_association","name":"public_subnet_association2","provider_name":"registry.terraform.io/hashicorp/aws","schema_version":0,"values":{"gateway_id":null,"timeouts":null},"sensitive_values":{}},{"address":"aws_security_group.alb-sg","mode":"managed","type":"aws_security_group","name":"alb-sg","provider_name":"registry.terraform.io/hashicorp/aws","schema_version":1,"values":{"description":"Managed by Terraform","name":"alb-sg","revoke_rules_on_delete":false,"tags":{"Name":"alb-sg"},"tags_all":{"Name":"alb-sg"},"timeouts":null},"sensitive_values":{"egress":[],"ingress":[],"tags":{},"tags_all":{}}},{"address":"aws_security_group.autoscaling-sg","mode":"managed","type":"aws_security_group","name":"autoscaling-sg","provider_name":"registry.terraform.io/hashicorp/aws","schema_version":1,"values":{"description":"Managed by Terraform","name":"autoscaling-sg","revoke_rules_on_delete":false,"tags":{"Name":"autoscaling rule"},"tags_all":{"Name":"autoscaling rule"},"timeouts":null},"sensitive_values":{"egress":[],"ingress":[],"tags":{},"tags_all":{}}},{"address":"aws_security_group.devVPC_sg_allow_http","mode":"managed","type":"aws_security_group","name":"devVPC_sg_allow_http","provider_name":"registry.terraform.io/hashicorp/aws","schema_version":1,"values":{"description":"Managed by Terraform","name":"devVPC_terraform_vpc_allow_http","revoke_rules_on_delete":false,"tags":{"Name":"devVPC_terraform_sg_allow_http"},"tags_all":{"Name":"devVPC_terraform_sg_allow_http"},"timeouts":null},"sensitive_values":{"egress":[],"ingress":[],"tags":{},"tags_all":{}}},{"address":"aws_security_group_rule.alb-sg-http-in","mode":"managed","type":"aws_security_group_rule","name":"alb-sg-http-in","provider_name":"registry.terraform.io/hashicorp/aws","schema_version":2,"values":{"cidr_blocks":["0.0.0.0/0"],"description":null,"from_port":80,"ipv6_cidr_blocks":null,"prefix_list_ids":null,"protocol":"tcp","self":false,"timeouts":null,"to_port":80,"type":"ingress"},"sensitive_values":{"cidr_blocks":[false]}},{"address":"aws_security_group_rule.alb-sg-tcp-out","mode":"managed","type":"aws_security_group_rule","name":"alb-sg-tcp-out","provider_name":"registry.terraform.io/hashicorp/aws","schema_version":2,"values":{"cidr_blocks":["0.0.0.0/0"],"description":null,"from_port":0,"ipv6_cidr_blocks":null,"prefix_list_ids":null,"protocol":"-1","self":false,"timeouts":null,"to_port":65535,"type":"egress"},"sensitive_values":{"cidr_blocks":[false]}},{"address":"aws_security_group_rule.autoscaling-sg-in","mode":"managed","type":"aws_security_group_rule","name":"autoscaling-sg-in","provider_name":"registry.terraform.io/hashicorp/aws","schema_version":2,"values":{"cidr_blocks":["0.0.0.0/0"],"description":null,"from_port":80,"ipv6_cidr_blocks":null,"prefix_list_ids":null,"protocol":"tcp","self":false,"timeouts":null,"to_port":80,"type":"ingress"},"sensitive_values":{"cidr_blocks":[false]}},{"address":"aws_security_group_rule.autoscaling-sg-out","mode":"managed","type":"aws_security_group_rule","name":"autoscaling-sg-out","provider_name":"registry.terraform.io/hashicorp/aws","schema_version":2,"values":{"cidr_blocks":["0.0.0.0/0"],"description":null,"from_port":0,"ipv6_cidr_blocks":null,"prefix_list_ids":null,"protocol":"-1","self":false,"timeouts":null,"to_port":65535,"type":"egress"},"sensitive_values":{"cidr_blocks":[false]}},{"address":"aws_security_group_rule.devVPC_all_traffic_egress_access","mode":"managed","type":"aws_security_group_rule","name":"devVPC_all_traffic_egress_access","provider_name":"registry.terraform.io/hashicorp/aws","schema_version":2,"values":{"cidr_blocks":["0.0.0.0/0"],"description":null,"from_port":0,"ipv6_cidr_blocks":null,"prefix_list_ids":null,"protocol":"-1","self":false,"timeouts":null,"to_port":0,"type":"egress"},"sensitive_values":{"cidr_blocks":[false]}},{"address":"aws_security_group_rule.devVPC_http_ingress22_access","mode":"managed","type":"aws_security_group_rule","name":"devVPC_http_ingress22_access","provider_name":"registry.terraform.io/hashicorp/aws","schema_version":2,"values":{"cidr_blocks":["0.0.0.0/0"],"description":null,"from_port":22,"ipv6_cidr_blocks":null,"prefix_list_ids":null,"protocol":"tcp","self":false,"timeouts":null,"to_port":22,"type":"ingress"},"sensitive_values":{"cidr_blocks":[false]}},{"address":"aws_security_group_rule.devVPC_http_ingress_access","mode":"managed","type":"aws_security_group_rule","name":"devVPC_http_ingress_access","provider_name":"registry.terraform.io/hashicorp/aws","schema_version":2,"values":{"cidr_blocks":["0.0.0.0/0"],"description":null,"from_port":80,"ipv6_cidr_blocks":null,"prefix_list_ids":null,"protocol":"tcp","self":false,"timeouts":null,"to_port":80,"type":"ingress"},"sensitive_values":{"cidr_blocks":[false]}},{"address":"aws_subnet.devVPC_public_subnet1","mode":"managed","type":"aws_subnet","name":"devVPC_public_subnet1","provider_name":"registry.terraform.io/hashicorp/aws","schema_version":1,"values":{"assign_ipv6_address_on_creation":false,"availability_zone":"us-west-2a","cidr_block":"10.0.1.0/24","customer_owned_ipv4_pool":null,"enable_dns64":false,"enable_lni_at_device_index":null,"enable_resource_name_dns_a_record_on_launch":false,"enable_resource_name_dns_aaaa_record_on_launch":false,"ipv6_cidr_block":null,"ipv6_native":false,"map_customer_owned_ip_on_launch":null,"map_public_ip_on_launch":true,"outpost_arn":null,"tags":{"Name":"dev_terraform_vpc_public_subnet1"},"tags_all":{"Name":"dev_terraform_vpc_public_subnet1"},"timeouts":null},"sensitive_values":{"tags":{},"tags_all":{}}},{"address":"aws_subnet.devVPC_public_subnet2","mode":"managed","type":"aws_subnet","name":"devVPC_public_subnet2","provider_name":"registry.terraform.io/hashicorp/aws","schema_version":1,"values":{"assign_ipv6_address_on_creation":false,"availability_zone":"us-west-2b","cidr_block":"10.0.3.0/24","customer_owned_ipv4_pool":null,"enable_dns64":false,"enable_lni_at_device_index":null,"enable_resource_name_dns_a_record_on_launch":false,"enable_resource_name_dns_aaaa_record_on_launch":false,"ipv6_cidr_block":null,"ipv6_native":false,"map_customer_owned_ip_on_launch":null,"map_public_ip_on_launch":true,"outpost_arn":null,"tags":{"Name":"dev_terraform_vpc_public_subnet2"},"tags_all":{"Name":"dev_terraform_vpc_public_subnet2"},"timeouts":null},"sensitive_values":{"tags":{},"tags_all":{}}},{"address":"aws_subnet.private_subnet1","mode":"managed","type":"aws_subnet","name":"private_subnet1","provider_name":"registry.terraform.io/hashicorp/aws","schema_version":1,"values":{"assign_ipv6_address_on_creation":false,"availability_zone":"us-west-2a","cidr_block":"10.0.2.0/24","customer_owned_ipv4_pool":null,"enable_dns64":false,"enable_lni_at_device_index":null,"enable_resource_name_dns_a_record_on_launch":false,"enable_resource_name_dns_aaaa_record_on_launch":false,"ipv6_cidr_block":null,"ipv6_native":false,"map_customer_owned_ip_on_launch":null,"map_public_ip_on_launch":false,"outpost_arn":null,"tags":{"Name":"dev_terraform_vpc_private_subnet1"},"tags_all":{"Name":"dev_terraform_vpc_private_subnet1"},"timeouts":null},"sensitive_values":{"tags":{},"tags_all":{}}},{"address":"aws_subnet.private_subnet2","mode":"managed","type":"aws_subnet","name":"private_subnet2","provider_name":"registry.terraform.io/hashicorp/aws","schema_version":1,"values":{"assign_ipv6_address_on_creation":false,"availability_zone":"us-west-2b","cidr_block":"10.0.4.0/24","customer_owned_ipv4_pool":null,"enable_dns64":false,"enable_lni_at_device_index":null,"enable_resource_name_dns_a_record_on_launch":false,"enable_resource_name_dns_aaaa_record_on_launch":false,"ipv6_cidr_block":null,"ipv6_native":false,"map_customer_owned_ip_on_launch":null,"map_public_ip_on_launch":false,"outpost_arn":null,"tags":{"Name":"dev_terraform_vpc_private_subnet2"},"tags_all":{"Name":"dev_terraform_vpc_private_subnet2"},"timeouts":null},"sensitive_values":{"tags":{},"tags_all":{}}},{"address":"aws_vpc.devVPC","mode":"managed","type":"aws_vpc","name":"devVPC","provider_name":"registry.terraform.io/hashicorp/aws","schema_version":1,"values":{"assign_generated_ipv6_cidr_block":null,"cidr_block":"10.0.0.0/16","enable_dns_hostnames":true,"enable_dns_support":true,"instance_tenancy":"default","ipv4_ipam_pool_id":null,"ipv4_netmask_length":null,"ipv6_ipam_pool_id":null,"ipv6_netmask_length":null,"tags":{"Name":"dev_terraform_vpc"},"tags_all":{"Name":"dev_terraform_vpc"}},"sensitive_values":{"tags":{},"tags_all":{}}}]}},"resource_changes":[{"address":"aws_autoscaling_group.auto-scaling-grp","mode":"managed","type":"aws_autoscaling_group","name":"auto-scaling-grp","provider_name":"registry.terraform.io/hashicorp/aws","change":{"actions":["create"],"before":null,"after":{"capacity_rebalance":null,"context":null,"default_instance_warmup":null,"desired_capacity":2,"desired_capacity_type":null,"enabled_metrics":null,"force_delete":false,"force_delete_warm_pool":false,"health_check_grace_period":300,"health_check_type":"ELB","initial_lifecycle_hook":[],"instance_refresh":[],"launch_configuration":null,"launch_template":[{"version":"$Latest"}],"max_instance_lifetime":null,"max_size":4,"metrics_granularity":"1Minute","min_elb_capacity":null,"min_size":2,"mixed_instances_policy":[],"name":"my-autoscaling-group","placement_group":null,"protect_from_scale_in":false,"suspended_processes":null,"tag":[],"termination_policies":null,"timeouts":null,"wait_for_capacity_timeout":"10m","wait_for_elb_capacity":null,"warm_pool":[]},"after_unknown":{"arn":true,"availability_zones":true,"default_cooldown":true,"id":true,"initial_lifecycle_hook":[],"instance_refresh":[],"launch_template":[{"id":true,"name":true}],"load_balancers":true,"mixed_instances_policy":[],"name_prefix":true,"predicted_capacity":true,"service_linked_role_arn":true,"tag":[],"target_group_arns":true,"traffic_source":true,"vpc_zone_identifier":true,"warm_pool":[],"warm_pool_size":true},"before_sensitive":false,"after_sensitive":{"availability_zones":[],"initial_lifecycle_hook":[],"instance_refresh":[],"launch_template":[{}],"load_balancers":[],"mixed_instances_policy":[],"tag":[],"target_group_arns":[],"traffic_source":[],"vpc_zone_identifier":[],"warm_pool":[]}}},{"address":"aws_autoscaling_policy.policy","mode":"managed","type":"aws_autoscaling_policy","name":"policy","provider_name":"registry.terraform.io/hashicorp/aws","change":{"actions":["create"],"before":null,"after":{"adjustment_type":null,"autoscaling_group_name":"my-autoscaling-group","cooldown":null,"enabled":true,"estimated_instance_warmup":null,"min_adjustment_magnitude":null,"name":"CPUpolicy","policy_type":"TargetTrackingScaling","predictive_scaling_configuration":[],"scaling_adjustment":null,"step_adjustment":[],"target_tracking_configuration":[{"customized_metric_specification":[],"disable_scale_in":false,"predefined_metric_specification":[{"predefined_metric_type":"ASGAverageCPUUtilization","resource_label":null}],"target_value":70}]},"after_unknown":{"arn":true,"id":true,"metric_aggregation_type":true,"predictive_scaling_configuration":[],"step_adjustment":[],"target_tracking_configuration":[{"customized_metric_specification":[],"predefined_metric_specification":[{}]}]},"before_sensitive":false,"after_sensitive":{"predictive_scaling_configuration":[],"step_adjustment":[],"target_tracking_configuration":[{"customized_metric_specification":[],"predefined_metric_specification":[{}]}]}}},{"address":"aws_instance.Wordpress-instance","mode":"managed","type":"aws_instance","name":"Wordpress-instance","provider_name":"registry.terraform.io/hashicorp/aws","change":{"actions":["create"],"before":null,"after":{"ami":"ami-08541bb85074a743a","credit_specification":[],"get_password_data":false,"hibernation":null,"instance_type":"t3.micro","key_name":"vockey","launch_template":[],"source_dest_check":true,"tags":{"Name":"Wordpress-instance"},"tags_all":{"Name":"Wordpress-instance"},"timeouts":null,"user_data":"04f866bf9ae506142992223d3b7d375a3c4fc8db","user_data_replace_on_change":false,"volume_tags":null},"after_unknown":{"arn":true,"associate_public_ip_address":true,"availability_zone":true,"capacity_reservation_specification":true,"cpu_core_count":true,"cpu_options":true,"cpu_threads_per_core":true,"credit_specification":[],"disable_api_stop":true,"disable_api_termination":true,"ebs_block_device":true,"ebs_optimized":true,"enclave_options":true,"ephemeral_block_device":true,"host_id":true,"host_resource_group_arn":true,"iam_instance_profile":true,"id":true,"instance_initiated_shutdown_behavior":true,"instance_lifecycle":true,"instance_market_options":true,"instance_state":true,"ipv6_address_count":true,"ipv6_addresses":true,"launch_template":[],"maintenance_options":true,"metadata_options":true,"monitoring":true,"network_interface":true,"outpost_arn":true,"password_data":true,"placement_group":true,"placement_partition_number":true,"primary_network_interface_id":true,"private_dns":true,"private_dns_name_options":true,"private_ip":true,"public_dns":true,"public_ip":true,"root_block_device":true,"secondary_private_ips":true,"security_groups":true,"spot_instance_request_id":true,"subnet_id":true,"tags":{},"tags_all":{},"tenancy":true,"user_data_base64":true,"vpc_security_group_ids":true},"before_sensitive":false,"after_sensitive":{"capacity_reservation_specification":[],"cpu_options":[],"credit_specification":[],"ebs_block_device":[],"enclave_options":[],"ephemeral_block_device":[],"instance_market_options":[],"ipv6_addresses":[],"launch_template":[],"maintenance_options":[],"metadata_options":[],"network_interface":[],"private_dns_name_options":[],"root_block_device":[],"secondary_private_ips":[],"security_groups":[],"tags":{},"tags_all":{},"vpc_security_group_ids":[]}}},{"address":"aws_internet_gateway.devVPC_IGW","mode":"managed","type":"aws_internet_gateway","name":"devVPC_IGW","provider_name":"registry.terraform.io/hashicorp/aws","change":{"actions":["create"],"before":null,"after":{"tags":{"Name":"dev_terraform_vpc_igw"},"tags_all":{"Name":"dev_terraform_vpc_igw"},"timeouts":null},"after_unknown":{"arn":true,"id":true,"owner_id":true,"tags":{},"tags_all":{},"vpc_id":true},"before_sensitive":false,"after_sensitive":{"tags":{},"tags_all":{}}}},{"address":"aws_launch_template.launch-template","mode":"managed","type":"aws_launch_template","name":"launch-template","provider_name":"registry.terraform.io/hashicorp/aws","change":{"actions":["create"],"before":null,"after":{"block_device_mappings":[],"capacity_reservation_specification":[],"cpu_options":[],"credit_specification":[],"description":null,"disable_api_stop":null,"disable_api_termination":null,"ebs_optimized":null,"elastic_gpu_specifications":[],"elastic_inference_accelerator":[],"enclave_options":[],"hibernation_options":[],"iam_instance_profile":[],"image_id":"ami-08541bb85074a743a","instance_initiated_shutdown_behavior":null,"instance_market_options":[],"instance_requirements":[],"instance_type":"t2.micro","kernel_id":null,"key_name":null,"license_specification":[],"maintenance_options":[],"monitoring":[],"name":"webserver-launch-template","network_interfaces":[],"placement":[],"private_dns_name_options":[],"ram_disk_id":null,"security_group_names":null,"tag_specifications":[{"resource_type":"instance","tags":{"Name":"autoserver"}}],"tags":null,"update_default_version":null,"user_data":""},"after_unknown":{"arn":true,"block_device_mappings":[],"capacity_reservation_specification":[],"cpu_options":[],"credit_specification":[],"default_version":true,"elastic_gpu_specifications":[],"elastic_inference_accelerator":[],"enclave_options":[],"hibernation_options":[],"iam_instance_profile":[],"id":true,"instance_market_options":[],"instance_requirements":[],"latest_version":true,"license_specification":[],"maintenance_options":[],"metadata_options":true,"monitoring":[],"name_prefix":true,"network_interfaces":[],"placement":[],"private_dns_name_options":[],"tag_specifications":[{"tags":{}}],"tags_all":true,"vpc_security_group_ids":true},"before_sensitive":false,"after_sensitive":{"block_device_mappings":[],"capacity_reservation_specification":[],"cpu_options":[],"credit_specification":[],"elastic_gpu_specifications":[],"elastic_inference_accelerator":[],"enclave_options":[],"hibernation_options":[],"iam_instance_profile":[],"instance_market_options":[],"instance_requirements":[],"license_specification":[],"maintenance_options":[],"metadata_options":[],"monitoring":[],"network_interfaces":[],"placement":[],"private_dns_name_options":[],"tag_specifications":[{"tags":{}}],"tags_all":{},"vpc_security_group_ids":[]}}},{"address":"aws_lb.load-balancer","mode":"managed","type":"aws_lb","name":"load-balancer","provider_name":"registry.terraform.io/hashicorp/aws","change":{"actions":["create"],"before":null,"after":{"access_logs":[],"customer_owned_ipv4_pool":null,"desync_mitigation_mode":"defensive","drop_invalid_header_fields":false,"enable_cross_zone_load_balancing":null,"enable_deletion_protection":false,"enable_http2":true,"enable_tls_version_and_cipher_suite_headers":false,"enable_waf_fail_open":false,"enable_xff_client_port":false,"idle_timeout":60,"internal":false,"load_balancer_type":"application","name":"Webserver-alb","name_prefix":null,"preserve_host_header":false,"tags":{"Environment":"production"},"tags_all":{"Environment":"production"},"timeouts":null,"xff_header_processing_mode":"append"},"after_unknown":{"access_logs":[],"arn":true,"arn_suffix":true,"dns_name":true,"id":true,"ip_address_type":true,"security_groups":true,"subnet_mapping":true,"subnets":true,"tags":{},"tags_all":{},"vpc_id":true,"zone_id":true},"before_sensitive":false,"after_sensitive":{"access_logs":[],"security_groups":[],"subnet_mapping":[],"subnets":[],"tags":{},"tags_all":{}}}},{"address":"aws_lb_listener.listener","mode":"managed","type":"aws_lb_listener","name":"listener","provider_name":"registry.terraform.io/hashicorp/aws","change":{"actions":["create"],"before":null,"after":{"alpn_policy":null,"certificate_arn":null,"default_action":[{"authenticate_cognito":[],"authenticate_oidc":[],"fixed_response":[],"forward":[],"redirect":[],"type":"forward"}],"port":80,"protocol":"HTTP","tags":null,"timeouts":null},"after_unknown":{"arn":true,"default_action":[{"authenticate_cognito":[],"authenticate_oidc":[],"fixed_response":[],"forward":[],"order":true,"redirect":[],"target_group_arn":true}],"id":true,"load_balancer_arn":true,"ssl_policy":true,"tags_all":true},"before_sensitive":false,"after_sensitive":{"default_action":[{"authenticate_cognito":[],"authenticate_oidc":[],"fixed_response":[],"forward":[],"redirect":[]}],"tags_all":{}}}},{"address":"aws_lb_target_group.target-group","mode":"managed","type":"aws_lb_target_group","name":"target-group","provider_name":"registry.terraform.io/hashicorp/aws","change":{"actions":["create"],"before":null,"after":{"connection_termination":false,"deregistration_delay":"300","lambda_multi_value_headers_enabled":false,"name":"CPUtest-tg","name_prefix":null,"port":80,"protocol":"HTTP","proxy_protocol_v2":false,"slow_start":0,"tags":null,"target_type":"instance"},"after_unknown":{"arn":true,"arn_suffix":true,"health_check":true,"id":true,"ip_address_type":true,"load_balancing_algorithm_type":true,"load_balancing_cross_zone_enabled":true,"preserve_client_ip":true,"protocol_version":true,"stickiness":true,"tags_all":true,"target_failover":true,"vpc_id":true},"before_sensitive":false,"after_sensitive":{"health_check":[],"stickiness":[],"tags_all":{},"target_failover":[]}}},{"address":"aws_route_table.devVPC_public_route1","mode":"managed","type":"aws_route_table","name":"devVPC_public_route1","provider_name":"registry.terraform.io/hashicorp/aws","change":{"actions":["create"],"before":null,"after":{"route":[{"carrier_gateway_id":"","cidr_block":"0.0.0.0/0","core_network_arn":"","destination_prefix_list_id":"","egress_only_gateway_id":"","ipv6_cidr_block":"","local_gateway_id":"","nat_gateway_id":"","network_interface_id":"","transit_gateway_id":"","vpc_endpoint_id":"","vpc_peering_connection_id":""}],"tags":{"Name":"dev_terraform_vpc_public_route1"},"tags_all":{"Name":"dev_terraform_vpc_public_route1"},"timeouts":null},"after_unknown":{"arn":true,"id":true,"owner_id":true,"propagating_vgws":true,"route":[{"gateway_id":true}],"tags":{},"tags_all":{},"vpc_id":true},"before_sensitive":false,"after_sensitive":{"propagating_vgws":[],"route":[{}],"tags":{},"tags_all":{}}}},{"address":"aws_route_table.devVPC_public_route2","mode":"managed","type":"aws_route_table","name":"devVPC_public_route2","provider_name":"registry.terraform.io/hashicorp/aws","change":{"actions":["create"],"before":null,"after":{"route":[{"carrier_gateway_id":"","cidr_block":"0.0.0.0/0","core_network_arn":"","destination_prefix_list_id":"","egress_only_gateway_id":"","ipv6_cidr_block":"","local_gateway_id":"","nat_gateway_id":"","network_interface_id":"","transit_gateway_id":"","vpc_endpoint_id":"","vpc_peering_connection_id":""}],"tags":{"Name":"dev_terraform_vpc_public_route2"},"tags_all":{"Name":"dev_terraform_vpc_public_route2"},"timeouts":null},"after_unknown":{"arn":true,"id":true,"owner_id":true,"propagating_vgws":true,"route":[{"gateway_id":true}],"tags":{},"tags_all":{},"vpc_id":true},"before_sensitive":false,"after_sensitive":{"propagating_vgws":[],"route":[{}],"tags":{},"tags_all":{}}}},{"address":"aws_route_table_association.public_subnet_association1","mode":"managed","type":"aws_route_table_association","name":"public_subnet_association1","provider_name":"registry.terraform.io/hashicorp/aws","change":{"actions":["create"],"before":null,"after":{"gateway_id":null,"timeouts":null},"after_unknown":{"id":true,"route_table_id":true,"subnet_id":true},"before_sensitive":false,"after_sensitive":{}}},{"address":"aws_route_table_association.public_subnet_association2","mode":"managed","type":"aws_route_table_association","name":"public_subnet_association2","provider_name":"registry.terraform.io/hashicorp/aws","change":{"actions":["create"],"before":null,"after":{"gateway_id":null,"timeouts":null},"after_unknown":{"id":true,"route_table_id":true,"subnet_id":true},"before_sensitive":false,"after_sensitive":{}}},{"address":"aws_security_group.alb-sg","mode":"managed","type":"aws_security_group","name":"alb-sg","provider_name":"registry.terraform.io/hashicorp/aws","change":{"actions":["create"],"before":null,"after":{"description":"Managed by Terraform","name":"alb-sg","revoke_rules_on_delete":false,"tags":{"Name":"alb-sg"},"tags_all":{"Name":"alb-sg"},"timeouts":null},"after_unknown":{"arn":true,"egress":true,"id":true,"ingress":true,"name_prefix":true,"owner_id":true,"tags":{},"tags_all":{},"vpc_id":true},"before_sensitive":false,"after_sensitive":{"egress":[],"ingress":[],"tags":{},"tags_all":{}}}},{"address":"aws_security_group.autoscaling-sg","mode":"managed","type":"aws_security_group","name":"autoscaling-sg","provider_name":"registry.terraform.io/hashicorp/aws","change":{"actions":["create"],"before":null,"after":{"description":"Managed by Terraform","name":"autoscaling-sg","revoke_rules_on_delete":false,"tags":{"Name":"autoscaling rule"},"tags_all":{"Name":"autoscaling rule"},"timeouts":null},"after_unknown":{"arn":true,"egress":true,"id":true,"ingress":true,"name_prefix":true,"owner_id":true,"tags":{},"tags_all":{},"vpc_id":true},"before_sensitive":false,"after_sensitive":{"egress":[],"ingress":[],"tags":{},"tags_all":{}}}},{"address":"aws_security_group.devVPC_sg_allow_http","mode":"managed","type":"aws_security_group","name":"devVPC_sg_allow_http","provider_name":"registry.terraform.io/hashicorp/aws","change":{"actions":["create"],"before":null,"after":{"description":"Managed by Terraform","name":"devVPC_terraform_vpc_allow_http","revoke_rules_on_delete":false,"tags":{"Name":"devVPC_terraform_sg_allow_http"},"tags_all":{"Name":"devVPC_terraform_sg_allow_http"},"timeouts":null},"after_unknown":{"arn":true,"egress":true,"id":true,"ingress":true,"name_prefix":true,"owner_id":true,"tags":{},"tags_all":{},"vpc_id":true},"before_sensitive":false,"after_sensitive":{"egress":[],"ingress":[],"tags":{},"tags_all":{}}}},{"address":"aws_security_group_rule.alb-sg-http-in","mode":"managed","type":"aws_security_group_rule","name":"alb-sg-http-in","provider_name":"registry.terraform.io/hashicorp/aws","change":{"actions":["create"],"before":null,"after":{"cidr_blocks":["0.0.0.0/0"],"description":null,"from_port":80,"ipv6_cidr_blocks":null,"prefix_list_ids":null,"protocol":"tcp","self":false,"timeouts":null,"to_port":80,"type":"ingress"},"after_unknown":{"cidr_blocks":[false],"id":true,"security_group_id":true,"security_group_rule_id":true,"source_security_group_id":true},"before_sensitive":false,"after_sensitive":{"cidr_blocks":[false]}}},{"address":"aws_security_group_rule.alb-sg-tcp-out","mode":"managed","type":"aws_security_group_rule","name":"alb-sg-tcp-out","provider_name":"registry.terraform.io/hashicorp/aws","change":{"actions":["create"],"before":null,"after":{"cidr_blocks":["0.0.0.0/0"],"description":null,"from_port":0,"ipv6_cidr_blocks":null,"prefix_list_ids":null,"protocol":"-1","self":false,"timeouts":null,"to_port":65535,"type":"egress"},"after_unknown":{"cidr_blocks":[false],"id":true,"security_group_id":true,"security_group_rule_id":true,"source_security_group_id":true},"before_sensitive":false,"after_sensitive":{"cidr_blocks":[false]}}},{"address":"aws_security_group_rule.autoscaling-sg-in","mode":"managed","type":"aws_security_group_rule","name":"autoscaling-sg-in","provider_name":"registry.terraform.io/hashicorp/aws","change":{"actions":["create"],"before":null,"after":{"cidr_blocks":["0.0.0.0/0"],"description":null,"from_port":80,"ipv6_cidr_blocks":null,"prefix_list_ids":null,"protocol":"tcp","self":false,"timeouts":null,"to_port":80,"type":"ingress"},"after_unknown":{"cidr_blocks":[false],"id":true,"security_group_id":true,"security_group_rule_id":true,"source_security_group_id":true},"before_sensitive":false,"after_sensitive":{"cidr_blocks":[false]}}},{"address":"aws_security_group_rule.autoscaling-sg-out","mode":"managed","type":"aws_security_group_rule","name":"autoscaling-sg-out","provider_name":"registry.terraform.io/hashicorp/aws","change":{"actions":["create"],"before":null,"after":{"cidr_blocks":["0.0.0.0/0"],"description":null,"from_port":0,"ipv6_cidr_blocks":null,"prefix_list_ids":null,"protocol":"-1","self":false,"timeouts":null,"to_port":65535,"type":"egress"},"after_unknown":{"cidr_blocks":[false],"id":true,"security_group_id":true,"security_group_rule_id":true,"source_security_group_id":true},"before_sensitive":false,"after_sensitive":{"cidr_blocks":[false]}}},{"address":"aws_security_group_rule.devVPC_all_traffic_egress_access","mode":"managed","type":"aws_security_group_rule","name":"devVPC_all_traffic_egress_access","provider_name":"registry.terraform.io/hashicorp/aws","change":{"actions":["create"],"before":null,"after":{"cidr_blocks":["0.0.0.0/0"],"description":null,"from_port":0,"ipv6_cidr_blocks":null,"prefix_list_ids":null,"protocol":"-1","self":false,"timeouts":null,"to_port":0,"type":"egress"},"after_unknown":{"cidr_blocks":[false],"id":true,"security_group_id":true,"security_group_rule_id":true,"source_security_group_id":true},"before_sensitive":false,"after_sensitive":{"cidr_blocks":[false]}}},{"address":"aws_security_group_rule.devVPC_http_ingress22_access","mode":"managed","type":"aws_security_group_rule","name":"devVPC_http_ingress22_access","provider_name":"registry.terraform.io/hashicorp/aws","change":{"actions":["create"],"before":null,"after":{"cidr_blocks":["0.0.0.0/0"],"description":null,"from_port":22,"ipv6_cidr_blocks":null,"prefix_list_ids":null,"protocol":"tcp","self":false,"timeouts":null,"to_port":22,"type":"ingress"},"after_unknown":{"cidr_blocks":[false],"id":true,"security_group_id":true,"security_group_rule_id":true,"source_security_group_id":true},"before_sensitive":false,"after_sensitive":{"cidr_blocks":[false]}}},{"address":"aws_security_group_rule.devVPC_http_ingress_access","mode":"managed","type":"aws_security_group_rule","name":"devVPC_http_ingress_access","provider_name":"registry.terraform.io/hashicorp/aws","change":{"actions":["create"],"before":null,"after":{"cidr_blocks":["0.0.0.0/0"],"description":null,"from_port":80,"ipv6_cidr_blocks":null,"prefix_list_ids":null,"protocol":"tcp","self":false,"timeouts":null,"to_port":80,"type":"ingress"},"after_unknown":{"cidr_blocks":[false],"id":true,"security_group_id":true,"security_group_rule_id":true,"source_security_group_id":true},"before_sensitive":false,"after_sensitive":{"cidr_blocks":[false]}}},{"address":"aws_subnet.devVPC_public_subnet1","mode":"managed","type":"aws_subnet","name":"devVPC_public_subnet1","provider_name":"registry.terraform.io/hashicorp/aws","change":{"actions":["create"],"before":null,"after":{"assign_ipv6_address_on_creation":false,"availability_zone":"us-west-2a","cidr_block":"10.0.1.0/24","customer_owned_ipv4_pool":null,"enable_dns64":false,"enable_lni_at_device_index":null,"enable_resource_name_dns_a_record_on_launch":false,"enable_resource_name_dns_aaaa_record_on_launch":false,"ipv6_cidr_block":null,"ipv6_native":false,"map_customer_owned_ip_on_launch":null,"map_public_ip_on_launch":true,"outpost_arn":null,"tags":{"Name":"dev_terraform_vpc_public_subnet1"},"tags_all":{"Name":"dev_terraform_vpc_public_subnet1"},"timeouts":null},"after_unknown":{"arn":true,"availability_zone_id":true,"id":true,"ipv6_cidr_block_association_id":true,"owner_id":true,"private_dns_hostname_type_on_launch":true,"tags":{},"tags_all":{},"vpc_id":true},"before_sensitive":false,"after_sensitive":{"tags":{},"tags_all":{}}}},{"address":"aws_subnet.devVPC_public_subnet2","mode":"managed","type":"aws_subnet","name":"devVPC_public_subnet2","provider_name":"registry.terraform.io/hashicorp/aws","change":{"actions":["create"],"before":null,"after":{"assign_ipv6_address_on_creation":false,"availability_zone":"us-west-2b","cidr_block":"10.0.3.0/24","customer_owned_ipv4_pool":null,"enable_dns64":false,"enable_lni_at_device_index":null,"enable_resource_name_dns_a_record_on_launch":false,"enable_resource_name_dns_aaaa_record_on_launch":false,"ipv6_cidr_block":null,"ipv6_native":false,"map_customer_owned_ip_on_launch":null,"map_public_ip_on_launch":true,"outpost_arn":null,"tags":{"Name":"dev_terraform_vpc_public_subnet2"},"tags_all":{"Name":"dev_terraform_vpc_public_subnet2"},"timeouts":null},"after_unknown":{"arn":true,"availability_zone_id":true,"id":true,"ipv6_cidr_block_association_id":true,"owner_id":true,"private_dns_hostname_type_on_launch":true,"tags":{},"tags_all":{},"vpc_id":true},"before_sensitive":false,"after_sensitive":{"tags":{},"tags_all":{}}}},{"address":"aws_subnet.private_subnet1","mode":"managed","type":"aws_subnet","name":"private_subnet1","provider_name":"registry.terraform.io/hashicorp/aws","change":{"actions":["create"],"before":null,"after":{"assign_ipv6_address_on_creation":false,"availability_zone":"us-west-2a","cidr_block":"10.0.2.0/24","customer_owned_ipv4_pool":null,"enable_dns64":false,"enable_lni_at_device_index":null,"enable_resource_name_dns_a_record_on_launch":false,"enable_resource_name_dns_aaaa_record_on_launch":false,"ipv6_cidr_block":null,"ipv6_native":false,"map_customer_owned_ip_on_launch":null,"map_public_ip_on_launch":false,"outpost_arn":null,"tags":{"Name":"dev_terraform_vpc_private_subnet1"},"tags_all":{"Name":"dev_terraform_vpc_private_subnet1"},"timeouts":null},"after_unknown":{"arn":true,"availability_zone_id":true,"id":true,"ipv6_cidr_block_association_id":true,"owner_id":true,"private_dns_hostname_type_on_launch":true,"tags":{},"tags_all":{},"vpc_id":true},"before_sensitive":false,"after_sensitive":{"tags":{},"tags_all":{}}}},{"address":"aws_subnet.private_subnet2","mode":"managed","type":"aws_subnet","name":"private_subnet2","provider_name":"registry.terraform.io/hashicorp/aws","change":{"actions":["create"],"before":null,"after":{"assign_ipv6_address_on_creation":false,"availability_zone":"us-west-2b","cidr_block":"10.0.4.0/24","customer_owned_ipv4_pool":null,"enable_dns64":false,"enable_lni_at_device_index":null,"enable_resource_name_dns_a_record_on_launch":false,"enable_resource_name_dns_aaaa_record_on_launch":false,"ipv6_cidr_block":null,"ipv6_native":false,"map_customer_owned_ip_on_launch":null,"map_public_ip_on_launch":false,"outpost_arn":null,"tags":{"Name":"dev_terraform_vpc_private_subnet2"},"tags_all":{"Name":"dev_terraform_vpc_private_subnet2"},"timeouts":null},"after_unknown":{"arn":true,"availability_zone_id":true,"id":true,"ipv6_cidr_block_association_id":true,"owner_id":true,"private_dns_hostname_type_on_launch":true,"tags":{},"tags_all":{},"vpc_id":true},"before_sensitive":false,"after_sensitive":{"tags":{},"tags_all":{}}}},{"address":"aws_vpc.devVPC","mode":"managed","type":"aws_vpc","name":"devVPC","provider_name":"registry.terraform.io/hashicorp/aws","change":{"actions":["create"],"before":null,"after":{"assign_generated_ipv6_cidr_block":null,"cidr_block":"10.0.0.0/16","enable_dns_hostnames":true,"enable_dns_support":true,"instance_tenancy":"default","ipv4_ipam_pool_id":null,"ipv4_netmask_length":null,"ipv6_ipam_pool_id":null,"ipv6_netmask_length":null,"tags":{"Name":"dev_terraform_vpc"},"tags_all":{"Name":"dev_terraform_vpc"}},"after_unknown":{"arn":true,"default_network_acl_id":true,"default_route_table_id":true,"default_security_group_id":true,"dhcp_options_id":true,"enable_network_address_usage_metrics":true,"id":true,"ipv6_association_id":true,"ipv6_cidr_block":true,"ipv6_cidr_block_network_border_group":true,"main_route_table_id":true,"owner_id":true,"tags":{},"tags_all":{}},"before_sensitive":false,"after_sensitive":{"tags":{},"tags_all":{}}}}],"output_changes":{"aws_internet_gateway":{"actions":["create"],"before":null,"after_unknown":true,"before_sensitive":false,"after_sensitive":false},"ec2_public_ip":{"actions":["create"],"before":null,"after_unknown":true,"before_sensitive":false,"after_sensitive":false},"instance_id":{"actions":["create"],"before":null,"after_unknown":true,"before_sensitive":false,"after_sensitive":false},"public_subnet1":{"actions":["create"],"before":null,"after_unknown":true,"before_sensitive":false,"after_sensitive":false},"public_subnet2":{"actions":["create"],"before":null,"after_unknown":true,"before_sensitive":false,"after_sensitive":false},"security_group":{"actions":["create"],"before":null,"after_unknown":true,"before_sensitive":false,"after_sensitive":false},"vpc_id":{"actions":["create"],"before":null,"after_unknown":true,"before_sensitive":false,"after_sensitive":false}},"prior_state":{"format_version":"1.0","terraform_version":"1.5.2","values":{"root_module":{"resources":[{"address":"data.aws_ami.amzLinux","mode":"data","type":"aws_ami","name":"amzLinux","provider_name":"registry.terraform.io/hashicorp/aws","schema_version":0,"values":{"architecture":"x86_64","arn":"arn:aws:ec2:us-west-2::image/ami-08541bb85074a743a","block_device_mappings":[{"device_name":"/dev/xvda","ebs":{"delete_on_termination":"true","encrypted":"false","iops":"3000","snapshot_id":"snap-0a698c62dcc2c93e6","throughput":"125","volume_size":"8","volume_type":"gp3"},"no_device":"","virtual_name":""}],"boot_mode":"uefi-preferred","creation_date":"2023-07-18T18:38:57.000Z","deprecation_time":"2023-10-16T18:39:00.000Z","description":"Amazon Linux 2023 AMI 2023.1.20230719.0 x86_64 HVM kernel-6.1","ena_support":true,"executable_users":null,"filter":[{"name":"name","values":["al2023-ami-2023*"]}],"hypervisor":"xen","id":"ami-08541bb85074a743a","image_id":"ami-08541bb85074a743a","image_location":"amazon/al2023-ami-2023.1.20230719.0-kernel-6.1-x86_64","image_owner_alias":"amazon","image_type":"machine","imds_support":"v2.0","include_deprecated":false,"kernel_id":"","most_recent":true,"name":"al2023-ami-2023.1.20230719.0-kernel-6.1-x86_64","name_regex":null,"owner_id":"137112412989","owners":["amazon"],"platform":"","platform_details":"Linux/UNIX","product_codes":[],"public":true,"ramdisk_id":"","root_device_name":"/dev/xvda","root_device_type":"ebs","root_snapshot_id":"snap-0a698c62dcc2c93e6","sriov_net_support":"simple","state":"available","state_reason":{"code":"UNSET","message":"UNSET"},"tags":{},"timeouts":null,"tpm_support":"","usage_operation":"RunInstances","virtualization_type":"hvm"},"sensitive_values":{"block_device_mappings":[{"ebs":{}}],"filter":[{"values":[false]}],"owners":[false],"product_codes":[],"state_reason":{},"tags":{}}},{"address":"data.aws_availability_zones.devVPC_available","mode":"data","type":"aws_availability_zones","name":"devVPC_available","provider_name":"registry.terraform.io/hashicorp/aws","schema_version":0,"values":{"all_availability_zones":null,"exclude_names":null,"exclude_zone_ids":null,"filter":null,"group_names":["us-west-2"],"id":"us-west-2","names":["us-west-2a","us-west-2b","us-west-2c","us-west-2d"],"state":null,"timeouts":null,"zone_ids":["usw2-az2","usw2-az1","usw2-az3","usw2-az4"]},"sensitive_values":{"group_names":[false],"names":[false,false,false,false],"zone_ids":[false,false,false,false]}}]}}},"configuration":{"provider_config":{"aws":{"name":"aws","full_name":"registry.terraform.io/hashicorp/aws","version_constraint":"~\u003e 5.8.0","expressions":{"region":{"references":["var.AWS_REGION"]}}}},"root_module":{"outputs":{"aws_internet_gateway":{"expression":{"references":["aws_internet_gateway.devVPC_IGW.id","aws_internet_gateway.devVPC_IGW"]}},"ec2_public_ip":{"expression":{"references":["aws_instance.Wordpress-instance.public_ip","aws_instance.Wordpress-instance"]}},"instance_id":{"expression":{"references":["aws_instance.Wordpress-instance.id","aws_instance.Wordpress-instance"]},"description":"ID of the EC2 instance"},"public_subnet1":{"expression":{"references":["aws_subnet.devVPC_public_subnet1.id","aws_subnet.devVPC_public_subnet1"]}},"public_subnet2":{"expression":{"references":["aws_subnet.devVPC_public_subnet2.id","aws_subnet.devVPC_public_subnet2"]}},"security_group":{"expression":{"references":["aws_security_group.devVPC_sg_allow_http.id","aws_security_group.devVPC_sg_allow_http"]}},"vpc_id":{"expression":{"references":["aws_vpc.devVPC.id","aws_vpc.devVPC"]}}},"resources":[{"address":"aws_autoscaling_group.auto-scaling-grp","mode":"managed","type":"aws_autoscaling_group","name":"auto-scaling-grp","provider_config_key":"aws","expressions":{"desired_capacity":{"constant_value":2},"health_check_grace_period":{"constant_value":300},"health_check_type":{"constant_value":"ELB"},"launch_template":[{"id":{"references":["aws_launch_template.launch-template.id","aws_launch_template.launch-template"]},"version":{"constant_value":"$Latest"}}],"max_size":{"constant_value":4},"min_size":{"constant_value":2},"name":{"constant_value":"my-autoscaling-group"},"target_group_arns":{"references":["aws_lb_target_group.target-group.arn","aws_lb_target_group.target-group"]},"vpc_zone_identifier":{"references":["aws_subnet.devVPC_public_subnet1.id","aws_subnet.devVPC_public_subnet1","aws_subnet.devVPC_public_subnet2.id","aws_subnet.devVPC_public_subnet2"]}},"schema_version":0},{"address":"aws_autoscaling_policy.policy","mode":"managed","type":"aws_autoscaling_policy","name":"policy","provider_config_key":"aws","expressions":{"autoscaling_group_name":{"references":["aws_autoscaling_group.auto-scaling-grp.name","aws_autoscaling_group.auto-scaling-grp"]},"name":{"constant_value":"CPUpolicy"},"policy_type":{"constant_value":"TargetTrackingScaling"},"target_tracking_configuration":[{"predefined_metric_specification":[{"predefined_metric_type":{"constant_value":"ASGAverageCPUUtilization"}}],"target_value":{"constant_value":70}}]},"schema_version":0},{"address":"aws_instance.Wordpress-instance","mode":"managed","type":"aws_instance","name":"Wordpress-instance","provider_config_key":"aws","provisioners":[{"type":"local-exec","expressions":{"command":{"references":["self.instance_type","self","self.id","self","self.public_dns","self","self.ami","self"]}}}],"expressions":{"ami":{"references":["data.aws_ami.amzLinux.id","data.aws_ami.amzLinux"]},"instance_type":{"constant_value":"t3.micro"},"key_name":{"constant_value":"vockey"},"subnet_id":{"references":["aws_subnet.devVPC_public_subnet1.id","aws_subnet.devVPC_public_subnet1"]},"tags":{"constant_value":{"Name":"Wordpress-instance"}},"user_data":{},"vpc_security_group_ids":{"references":["aws_security_group.devVPC_sg_allow_http.id","aws_security_group.devVPC_sg_allow_http"]}},"schema_version":1},{"address":"aws_internet_gateway.devVPC_IGW","mode":"managed","type":"aws_internet_gateway","name":"devVPC_IGW","provider_config_key":"aws","expressions":{"tags":{"constant_value":{"Name":"dev_terraform_vpc_igw"}},"vpc_id":{"references":["aws_vpc.devVPC.id","aws_vpc.devVPC"]}},"schema_version":0},{"address":"aws_launch_template.launch-template","mode":"managed","type":"aws_launch_template","name":"launch-template","provider_config_key":"aws","expressions":{"image_id":{"references":["data.aws_ami.amzLinux.id","data.aws_ami.amzLinux"]},"instance_type":{"constant_value":"t2.micro"},"name":{"constant_value":"webserver-launch-template"},"tag_specifications":[{"resource_type":{"constant_value":"instance"},"tags":{"constant_value":{"Name":"autoserver"}}}],"user_data":{},"vpc_security_group_ids":{"references":["aws_security_group.autoscaling-sg.id","aws_security_group.autoscaling-sg"]}},"schema_version":0},{"address":"aws_lb.load-balancer","mode":"managed","type":"aws_lb","name":"load-balancer","provider_config_key":"aws","expressions":{"enable_deletion_protection":{"constant_value":false},"internal":{"constant_value":false},"load_balancer_type":{"constant_value":"application"},"name":{"constant_value":"Webserver-alb"},"security_groups":{"references":["aws_security_group.alb-sg.id","aws_security_group.alb-sg"]},"subnets":{"references":["aws_subnet.devVPC_public_subnet1.id","aws_subnet.devVPC_public_subnet1","aws_subnet.devVPC_public_subnet2.id","aws_subnet.devVPC_public_subnet2"]},"tags":{"constant_value":{"Environment":"production"}}},"schema_version":0},{"address":"aws_lb_listener.listener","mode":"managed","type":"aws_lb_listener","name":"listener","provider_config_key":"aws","expressions":{"default_action":[{"target_group_arn":{"references":["aws_lb_target_group.target-group.arn","aws_lb_target_group.target-group"]},"type":{"constant_value":"forward"}}],"load_balancer_arn":{"references":["aws_lb.load-balancer.arn","aws_lb.load-balancer"]},"port":{"constant_value":"80"},"protocol":{"constant_value":"HTTP"}},"schema_version":0},{"address":"aws_lb_target_group.target-group","mode":"managed","type":"aws_lb_target_group","name":"target-group","provider_config_key":"aws","expressions":{"name":{"constant_value":"CPUtest-tg"},"port":{"constant_value":80},"protocol":{"constant_value":"HTTP"},"vpc_id":{"references":["aws_vpc.devVPC.id","aws_vpc.devVPC"]}},"schema_version":0},{"address":"aws_route_table.devVPC_public_route1","mode":"managed","type":"aws_route_table","name":"devVPC_public_route1","provider_config_key":"aws","expressions":{"route":{"references":["var.cidr_blocks","aws_internet_gateway.devVPC_IGW.id","aws_internet_gateway.devVPC_IGW"]},"tags":{"constant_value":{"Name":"dev_terraform_vpc_public_route1"}},"vpc_id":{"references":["aws_vpc.devVPC.id","aws_vpc.devVPC"]}},"schema_version":0},{"address":"aws_route_table.devVPC_public_route2","mode":"managed","type":"aws_route_table","name":"devVPC_public_route2","provider_config_key":"aws","expressions":{"route":{"references":["var.cidr_blocks","aws_internet_gateway.devVPC_IGW.id","aws_internet_gateway.devVPC_IGW"]},"tags":{"constant_value":{"Name":"dev_terraform_vpc_public_route2"}},"vpc_id":{"references":["aws_vpc.devVPC.id","aws_vpc.devVPC"]}},"schema_version":0},{"address":"aws_route_table_association.public_subnet_association1","mode":"managed","type":"aws_route_table_association","name":"public_subnet_association1","provider_config_key":"aws","expressions":{"route_table_id":{"references":["aws_route_table.devVPC_public_route1.id","aws_route_table.devVPC_public_route1"]},"subnet_id":{"references":["aws_subnet.devVPC_public_subnet1.id","aws_subnet.devVPC_public_subnet1"]}},"schema_version":0,"depends_on":["aws_route_table.devVPC_public_route1","aws_subnet.devVPC_public_subnet1"]},{"address":"aws_route_table_association.public_subnet_association2","mode":"managed","type":"aws_route_table_association","name":"public_subnet_association2","provider_config_key":"aws","expressions":{"route_table_id":{"references":["aws_route_table.devVPC_public_route2.id","aws_route_table.devVPC_public_route2"]},"subnet_id":{"references":["aws_subnet.devVPC_public_subnet2.id","aws_subnet.devVPC_public_subnet2"]}},"schema_version":0,"depends_on":["aws_route_table.devVPC_public_route2","aws_subnet.devVPC_public_subnet2"]},{"address":"aws_security_group.alb-sg","mode":"managed","type":"aws_security_group","name":"alb-sg","provider_config_key":"aws","expressions":{"name":{"constant_value":"alb-sg"},"tags":{"constant_value":{"Name":"alb-sg"}},"vpc_id":{"references":["aws_vpc.devVPC.id","aws_vpc.devVPC"]}},"schema_version":1},{"address":"aws_security_group.autoscaling-sg","mode":"managed","type":"aws_security_group","name":"autoscaling-sg","provider_config_key":"aws","expressions":{"name":{"constant_value":"autoscaling-sg"},"tags":{"constant_value":{"Name":"autoscaling rule"}},"vpc_id":{"references":["aws_vpc.devVPC.id","aws_vpc.devVPC"]}},"schema_version":1},{"address":"aws_security_group.devVPC_sg_allow_http","mode":"managed","type":"aws_security_group","name":"devVPC_sg_allow_http","provider_config_key":"aws","expressions":{"name":{"constant_value":"devVPC_terraform_vpc_allow_http"},"tags":{"constant_value":{"Name":"devVPC_terraform_sg_allow_http"}},"vpc_id":{"references":["aws_vpc.devVPC.id","aws_vpc.devVPC"]}},"schema_version":1},{"address":"aws_security_group_rule.alb-sg-http-in","mode":"managed","type":"aws_security_group_rule","name":"alb-sg-http-in","provider_config_key":"aws","expressions":{"cidr_blocks":{"references":["var.cidr_blocks"]},"from_port":{"constant_value":80},"protocol":{"constant_value":"tcp"},"security_group_id":{"references":["aws_security_group.alb-sg.id","aws_security_group.alb-sg"]},"to_port":{"constant_value":80},"type":{"constant_value":"ingress"}},"schema_version":2},{"address":"aws_security_group_rule.alb-sg-tcp-out","mode":"managed","type":"aws_security_group_rule","name":"alb-sg-tcp-out","provider_config_key":"aws","expressions":{"cidr_blocks":{"references":["var.cidr_blocks"]},"from_port":{"constant_value":0},"protocol":{"constant_value":"all"},"security_group_id":{"references":["aws_security_group.alb-sg.id","aws_security_group.alb-sg"]},"to_port":{"constant_value":65535},"type":{"constant_value":"egress"}},"schema_version":2},{"address":"aws_security_group_rule.autoscaling-sg-in","mode":"managed","type":"aws_security_group_rule","name":"autoscaling-sg-in","provider_config_key":"aws","expressions":{"cidr_blocks":{"references":["var.cidr_blocks"]},"from_port":{"constant_value":80},"protocol":{"constant_value":"tcp"},"security_group_id":{"references":["aws_security_group.autoscaling-sg.id","aws_security_group.autoscaling-sg"]},"to_port":{"constant_value":80},"type":{"constant_value":"ingress"}},"schema_version":2},{"address":"aws_security_group_rule.autoscaling-sg-out","mode":"managed","type":"aws_security_group_rule","name":"autoscaling-sg-out","provider_config_key":"aws","expressions":{"cidr_blocks":{"references":["var.cidr_blocks"]},"from_port":{"constant_value":0},"protocol":{"constant_value":"all"},"security_group_id":{"references":["aws_security_group.autoscaling-sg.id","aws_security_group.autoscaling-sg"]},"to_port":{"constant_value":65535},"type":{"constant_value":"egress"}},"schema_version":2},{"address":"aws_security_group_rule.devVPC_all_traffic_egress_access","mode":"managed","type":"aws_security_group_rule","name":"devVPC_all_traffic_egress_access","provider_config_key":"aws","expressions":{"cidr_blocks":{"references":["var.cidr_blocks"]},"from_port":{"constant_value":0},"protocol":{"constant_value":"-1"},"security_group_id":{"references":["aws_security_group.devVPC_sg_allow_http.id","aws_security_group.devVPC_sg_allow_http"]},"to_port":{"constant_value":0},"type":{"constant_value":"egress"}},"schema_version":2},{"address":"aws_security_group_rule.devVPC_http_ingress22_access","mode":"managed","type":"aws_security_group_rule","name":"devVPC_http_ingress22_access","provider_config_key":"aws","expressions":{"cidr_blocks":{"references":["var.cidr_blocks"]},"from_port":{"constant_value":22},"protocol":{"constant_value":"tcp"},"security_group_id":{"references":["aws_security_group.devVPC_sg_allow_http.id","aws_security_group.devVPC_sg_allow_http"]},"to_port":{"constant_value":22},"type":{"constant_value":"ingress"}},"schema_version":2},{"address":"aws_security_group_rule.devVPC_http_ingress_access","mode":"managed","type":"aws_security_group_rule","name":"devVPC_http_ingress_access","provider_config_key":"aws","expressions":{"cidr_blocks":{"references":["var.cidr_blocks"]},"from_port":{"constant_value":80},"protocol":{"constant_value":"tcp"},"security_group_id":{"references":["aws_security_group.devVPC_sg_allow_http.id","aws_security_group.devVPC_sg_allow_http"]},"to_port":{"constant_value":80},"type":{"constant_value":"ingress"}},"schema_version":2},{"address":"aws_subnet.devVPC_public_subnet1","mode":"managed","type":"aws_subnet","name":"devVPC_public_subnet1","provider_config_key":"aws","expressions":{"availability_zone":{"references":["data.aws_availability_zones.devVPC_available.names[0]","data.aws_availability_zones.devVPC_available.names","data.aws_availability_zones.devVPC_available"]},"cidr_block":{"references":["var.cidr_block_public_subnet1"]},"map_public_ip_on_launch":{"constant_value":true},"tags":{"constant_value":{"Name":"dev_terraform_vpc_public_subnet1"}},"vpc_id":{"references":["aws_vpc.devVPC.id","aws_vpc.devVPC"]}},"schema_version":1},{"address":"aws_subnet.devVPC_public_subnet2","mode":"managed","type":"aws_subnet","name":"devVPC_public_subnet2","provider_config_key":"aws","expressions":{"availability_zone":{"references":["data.aws_availability_zones.devVPC_available.names[1]","data.aws_availability_zones.devVPC_available.names","data.aws_availability_zones.devVPC_available"]},"cidr_block":{"references":["var.cidr_block_public_subnet2"]},"map_public_ip_on_launch":{"constant_value":true},"tags":{"constant_value":{"Name":"dev_terraform_vpc_public_subnet2"}},"vpc_id":{"references":["aws_vpc.devVPC.id","aws_vpc.devVPC"]}},"schema_version":1},{"address":"aws_subnet.private_subnet1","mode":"managed","type":"aws_subnet","name":"private_subnet1","provider_config_key":"aws","expressions":{"availability_zone":{"references":["data.aws_availability_zones.devVPC_available.names[0]","data.aws_availability_zones.devVPC_available.names","data.aws_availability_zones.devVPC_available"]},"cidr_block":{"references":["var.cidr_block_private_subnet1"]},"map_public_ip_on_launch":{"constant_value":false},"tags":{"constant_value":{"Name":"dev_terraform_vpc_private_subnet1"}},"vpc_id":{"references":["aws_vpc.devVPC.id","aws_vpc.devVPC"]}},"schema_version":1},{"address":"aws_subnet.private_subnet2","mode":"managed","type":"aws_subnet","name":"private_subnet2","provider_config_key":"aws","expressions":{"availability_zone":{"references":["data.aws_availability_zones.devVPC_available.names[1]","data.aws_availability_zones.devVPC_available.names","data.aws_availability_zones.devVPC_available"]},"cidr_block":{"references":["var.cidr_block_private_subnet2"]},"map_public_ip_on_launch":{"constant_value":false},"tags":{"constant_value":{"Name":"dev_terraform_vpc_private_subnet2"}},"vpc_id":{"references":["aws_vpc.devVPC.id","aws_vpc.devVPC"]}},"schema_version":1},{"address":"aws_vpc.devVPC","mode":"managed","type":"aws_vpc","name":"devVPC","provider_config_key":"aws","expressions":{"cidr_block":{"references":["var.cidr_block_dev_vpc"]},"enable_dns_hostnames":{"constant_value":true},"enable_dns_support":{"constant_value":true},"tags":{"constant_value":{"Name":"dev_terraform_vpc"}}},"schema_version":1},{"address":"data.aws_ami.amzLinux","mode":"data","type":"aws_ami","name":"amzLinux","provider_config_key":"aws","expressions":{"filter":[{"name":{"constant_value":"name"},"values":{"constant_value":["al2023-ami-2023*"]}}],"most_recent":{"constant_value":true},"owners":{"constant_value":["amazon"]}},"schema_version":0},{"address":"data.aws_availability_zones.devVPC_available","mode":"data","type":"aws_availability_zones","name":"devVPC_available","provider_config_key":"aws","schema_version":0}],"variables":{"AWS_REGION":{"default":"us-west-2","description":"AWS Region"},"cidr_block_dev_vpc":{"default":"10.0.0.0/16"},"cidr_block_private_subnet1":{"default":"10.0.2.0/24"},"cidr_block_private_subnet2":{"default":"10.0.4.0/24"},"cidr_block_public_subnet1":{"default":"10.0.1.0/24"},"cidr_block_public_subnet2":{"default":"10.0.3.0/24"},"cidr_blocks":{"default":"0.0.0.0/0"}}}},"relevant_attributes":[{"resource":"aws_vpc.devVPC","attribute":["id"]},{"resource":"aws_subnet.devVPC_public_subnet1","attribute":["id"]},{"resource":"aws_route_table.devVPC_public_route1","attribute":["id"]},{"resource":"aws_route_table.devVPC_public_route2","attribute":["id"]},{"resource":"data.aws_ami.amzLinux","attribute":["id"]},{"resource":"data.aws_availability_zones.devVPC_available","attribute":["names",1]},{"resource":"aws_subnet.devVPC_public_subnet2","attribute":["id"]},{"resource":"aws_autoscaling_group.auto-scaling-grp","attribute":["name"]},{"resource":"aws_instance.Wordpress-instance","attribute":["id"]},{"resource":"aws_launch_template.launch-template","attribute":["id"]},{"resource":"aws_instance.Wordpress-instance","attribute":["public_ip"]},{"resource":"aws_security_group.devVPC_sg_allow_http","attribute":["id"]},{"resource":"aws_internet_gateway.devVPC_IGW","attribute":["id"]},{"resource":"aws_security_group.alb-sg","attribute":["id"]},{"resource":"data.aws_availability_zones.devVPC_available","attribute":["names",0]},{"resource":"aws_lb.load-balancer","attribute":["arn"]},{"resource":"aws_security_group.autoscaling-sg","attribute":["id"]},{"resource":"aws_lb_target_group.target-group","attribute":["arn"]}],"timestamp":"2023-07-26T08:15:41Z"}
